// !$*UTF8*$!
{
	archiveVersion = 1;
	classes = {
	};
	objectVersion = 46;
	objects = {

/* Begin PBXBuildFile section */
		5024CDDC1F520B6D0078D977 /* GoogleService-Info.plist in Resources */ = {isa = PBXBuildFile; fileRef = 5024CDDB1F520B6D0078D977 /* GoogleService-Info.plist */; };
		5024CDDE1F5223B90078D977 /* ViewControllerMap.swift in Sources */ = {isa = PBXBuildFile; fileRef = 5024CDDD1F5223B90078D977 /* ViewControllerMap.swift */; };
		50E3BF911F51FA5000BED427 /* AppDelegate.swift in Sources */ = {isa = PBXBuildFile; fileRef = 50E3BF901F51FA5000BED427 /* AppDelegate.swift */; };
		50E3BF931F51FA5000BED427 /* ViewController.swift in Sources */ = {isa = PBXBuildFile; fileRef = 50E3BF921F51FA5000BED427 /* ViewController.swift */; };
		50E3BF961F51FA5000BED427 /* Main.storyboard in Resources */ = {isa = PBXBuildFile; fileRef = 50E3BF941F51FA5000BED427 /* Main.storyboard */; };
		50E3BF991F51FA5000BED427 /* bus.xcdatamodeld in Sources */ = {isa = PBXBuildFile; fileRef = 50E3BF971F51FA5000BED427 /* bus.xcdatamodeld */; };
		50E3BF9B1F51FA5000BED427 /* Assets.xcassets in Resources */ = {isa = PBXBuildFile; fileRef = 50E3BF9A1F51FA5000BED427 /* Assets.xcassets */; };
		50E3BF9E1F51FA5000BED427 /* LaunchScreen.storyboard in Resources */ = {isa = PBXBuildFile; fileRef = 50E3BF9C1F51FA5000BED427 /* LaunchScreen.storyboard */; };
		F0652AAA6B9E6F6152B10B34 /* libPods-bus.a in Frameworks */ = {isa = PBXBuildFile; fileRef = 074FC798C6BE86C5B9E53C74 /* libPods-bus.a */; };
/* End PBXBuildFile section */

/* Begin PBXFileReference section */
		074FC798C6BE86C5B9E53C74 /* libPods-bus.a */ = {isa = PBXFileReference; explicitFileType = archive.ar; includeInIndex = 0; path = "libPods-bus.a"; sourceTree = BUILT_PRODUCTS_DIR; };
		5024CDDB1F520B6D0078D977 /* GoogleService-Info.plist */ = {isa = PBXFileReference; fileEncoding = 4; lastKnownFileType = text.plist.xml; path = "GoogleService-Info.plist"; sourceTree = "<group>"; };
		5024CDDD1F5223B90078D977 /* ViewControllerMap.swift */ = {isa = PBXFileReference; fileEncoding = 4; lastKnownFileType = sourcecode.swift; path = ViewControllerMap.swift; sourceTree = "<group>"; };
		50E3BF8D1F51FA5000BED427 /* bus.app */ = {isa = PBXFileReference; explicitFileType = wrapper.application; includeInIndex = 0; path = bus.app; sourceTree = BUILT_PRODUCTS_DIR; };
		50E3BF901F51FA5000BED427 /* AppDelegate.swift */ = {isa = PBXFileReference; lastKnownFileType = sourcecode.swift; path = AppDelegate.swift; sourceTree = "<group>"; };
		50E3BF921F51FA5000BED427 /* ViewController.swift */ = {isa = PBXFileReference; lastKnownFileType = sourcecode.swift; path = ViewController.swift; sourceTree = "<group>"; };
		50E3BF951F51FA5000BED427 /* Base */ = {isa = PBXFileReference; lastKnownFileType = file.storyboard; name = Base; path = Base.lproj/Main.storyboard; sourceTree = "<group>"; };
		50E3BF981F51FA5000BED427 /* bus.xcdatamodel */ = {isa = PBXFileReference; lastKnownFileType = wrapper.xcdatamodel; path = bus.xcdatamodel; sourceTree = "<group>"; };
		50E3BF9A1F51FA5000BED427 /* Assets.xcassets */ = {isa = PBXFileReference; lastKnownFileType = folder.assetcatalog; path = Assets.xcassets; sourceTree = "<group>"; };
		50E3BF9D1F51FA5000BED427 /* Base */ = {isa = PBXFileReference; lastKnownFileType = file.storyboard; name = Base; path = Base.lproj/LaunchScreen.storyboard; sourceTree = "<group>"; };
		50E3BF9F1F51FA5000BED427 /* Info.plist */ = {isa = PBXFileReference; lastKnownFileType = text.plist.xml; path = Info.plist; sourceTree = "<group>"; };
		EA513994AECCDBCBF1196978 /* Pods-bus.debug.xcconfig */ = {isa = PBXFileReference; includeInIndex = 1; lastKnownFileType = text.xcconfig; name = "Pods-bus.debug.xcconfig"; path = "Pods/Target Support Files/Pods-bus/Pods-bus.debug.xcconfig"; sourceTree = "<group>"; };
		EAC4345010500F2369A73365 /* Pods-bus.release.xcconfig */ = {isa = PBXFileReference; includeInIndex = 1; lastKnownFileType = text.xcconfig; name = "Pods-bus.release.xcconfig"; path = "Pods/Target Support Files/Pods-bus/Pods-bus.release.xcconfig"; sourceTree = "<group>"; };
/* End PBXFileReference section */

/* Begin PBXFrameworksBuildPhase section */
		50E3BF8A1F51FA4F00BED427 /* Frameworks */ = {
			isa = PBXFrameworksBuildPhase;
			buildActionMask = 2147483647;
			files = (
				F0652AAA6B9E6F6152B10B34 /* libPods-bus.a in Frameworks */,
			);
			runOnlyForDeploymentPostprocessing = 0;
		};
/* End PBXFrameworksBuildPhase section */

/* Begin PBXGroup section */
		50E3BF841F51FA4F00BED427 = {
			isa = PBXGroup;
			children = (
				50E3BF8F1F51FA5000BED427 /* bus */,
				50E3BF8E1F51FA5000BED427 /* Products */,
				76B0902CF46F9A7CF96FA56E /* Pods */,
				FF75EACC00E719D13F5E427C /* Frameworks */,
			);
			sourceTree = "<group>";
		};
		50E3BF8E1F51FA5000BED427 /* Products */ = {
			isa = PBXGroup;
			children = (
				50E3BF8D1F51FA5000BED427 /* bus.app */,
			);
			name = Products;
			sourceTree = "<group>";
		};
		50E3BF8F1F51FA5000BED427 /* bus */ = {
			isa = PBXGroup;
			children = (
				50E3BF901F51FA5000BED427 /* AppDelegate.swift */,
				50E3BF921F51FA5000BED427 /* ViewController.swift */,
				50E3BF941F51FA5000BED427 /* Main.storyboard */,
				50E3BF9A1F51FA5000BED427 /* Assets.xcassets */,
				5024CDDB1F520B6D0078D977 /* GoogleService-Info.plist */,
				5024CDDD1F5223B90078D977 /* ViewControllerMap.swift */,
				50E3BF9C1F51FA5000BED427 /* LaunchScreen.storyboard */,
				50E3BF9F1F51FA5000BED427 /* Info.plist */,
				50E3BF971F51FA5000BED427 /* bus.xcdatamodeld */,
			);
			path = bus;
			sourceTree = "<group>";
		};
		76B0902CF46F9A7CF96FA56E /* Pods */ = {
			isa = PBXGroup;
			children = (
				EA513994AECCDBCBF1196978 /* Pods-bus.debug.xcconfig */,
				EAC4345010500F2369A73365 /* Pods-bus.release.xcconfig */,
			);
			name = Pods;
			sourceTree = "<group>";
		};
		FF75EACC00E719D13F5E427C /* Frameworks */ = {
			isa = PBXGroup;
			children = (
				074FC798C6BE86C5B9E53C74 /* libPods-bus.a */,
			);
			name = Frameworks;
			sourceTree = "<group>";
		};
/* End PBXGroup section */

/* Begin PBXNativeTarget section */
		50E3BF8C1F51FA4F00BED427 /* bus */ = {
			isa = PBXNativeTarget;
			buildConfigurationList = 50E3BFA21F51FA5000BED427 /* Build configuration list for PBXNativeTarget "bus" */;
			buildPhases = (
				47019C2908810E4430F861DF /* [CP] Check Pods Manifest.lock */,
				50E3BF891F51FA4F00BED427 /* Sources */,
				50E3BF8A1F51FA4F00BED427 /* Frameworks */,
				50E3BF8B1F51FA4F00BED427 /* Resources */,
				D26B15470FE71267AFD2718D /* [CP] Embed Pods Frameworks */,
				A61279B94F471A2C58CC9E05 /* [CP] Copy Pods Resources */,
			);
			buildRules = (
			);
			dependencies = (
			);
			name = bus;
			productName = bus;
			productReference = 50E3BF8D1F51FA5000BED427 /* bus.app */;
			productType = "com.apple.product-type.application";
		};
/* End PBXNativeTarget section */

/* Begin PBXProject section */
		50E3BF851F51FA4F00BED427 /* Project object */ = {
			isa = PBXProject;
			attributes = {
				LastSwiftUpdateCheck = 0800;
				LastUpgradeCheck = 0800;
				ORGANIZATIONNAME = A4RON;
				TargetAttributes = {
					50E3BF8C1F51FA4F00BED427 = {
						CreatedOnToolsVersion = 8.0;
						ProvisioningStyle = Automatic;
					};
				};
			};
			buildConfigurationList = 50E3BF881F51FA4F00BED427 /* Build configuration list for PBXProject "bus" */;
			compatibilityVersion = "Xcode 3.2";
			developmentRegion = English;
			hasScannedForEncodings = 0;
			knownRegions = (
				en,
				Base,
			);
			mainGroup = 50E3BF841F51FA4F00BED427;
			productRefGroup = 50E3BF8E1F51FA5000BED427 /* Products */;
			projectDirPath = "";
			projectRoot = "";
			targets = (
				50E3BF8C1F51FA4F00BED427 /* bus */,
			);
		};
/* End PBXProject section */

/* Begin PBXResourcesBuildPhase section */
		50E3BF8B1F51FA4F00BED427 /* Resources */ = {
			isa = PBXResourcesBuildPhase;
			buildActionMask = 2147483647;
			files = (
				50E3BF9E1F51FA5000BED427 /* LaunchScreen.storyboard in Resources */,
				5024CDDC1F520B6D0078D977 /* GoogleService-Info.plist in Resources */,
				50E3BF9B1F51FA5000BED427 /* Assets.xcassets in Resources */,
				50E3BF961F51FA5000BED427 /* Main.storyboard in Resources */,
			);
			runOnlyForDeploymentPostprocessing = 0;
		};
/* End PBXResourcesBuildPhase section */

/* Begin PBXShellScriptBuildPhase section */
		47019C2908810E4430F861DF /* [CP] Check Pods Manifest.lock */ = {
			isa = PBXShellScriptBuildPhase;
			buildActionMask = 2147483647;
			files = (
			);
			inputPaths = (
				"${PODS_PODFILE_DIR_PATH}/Podfile.lock",
				"${PODS_ROOT}/Manifest.lock",
			);
			name = "[CP] Check Pods Manifest.lock";
			outputPaths = (
				"$(DERIVED_FILE_DIR)/Pods-bus-checkManifestLockResult.txt",
			);
			runOnlyForDeploymentPostprocessing = 0;
			shellPath = /bin/sh;
			shellScript = "diff \"${PODS_PODFILE_DIR_PATH}/Podfile.lock\" \"${PODS_ROOT}/Manifest.lock\" > /dev/null\nif [ $? != 0 ] ; then\n    # print error to STDERR\n    echo \"error: The sandbox is not in sync with the Podfile.lock. Run 'pod install' or update your CocoaPods installation.\" >&2\n    exit 1\nfi\n# This output is used by Xcode 'outputs' to avoid re-running this script phase.\necho \"SUCCESS\" > \"${SCRIPT_OUTPUT_FILE_0}\"\n";
			showEnvVarsInLog = 0;
		};
		A61279B94F471A2C58CC9E05 /* [CP] Copy Pods Resources */ = {
			isa = PBXShellScriptBuildPhase;
			buildActionMask = 2147483647;
			files = (
			);
			inputPaths = (
				"${SRCROOT}/Pods/Target Support Files/Pods-bus/Pods-bus-resources.sh",
				"${PODS_ROOT}/GoogleMaps/Maps/Frameworks/GoogleMaps.framework/Resources/GoogleMaps.bundle",
				"${PODS_ROOT}/GooglePlaces/Frameworks/GooglePlaces.framework/Resources/GooglePlaces.bundle",
			);
			name = "[CP] Copy Pods Resources";
			outputPaths = (
				"${TARGET_BUILD_DIR}/${UNLOCALIZED_RESOURCES_FOLDER_PATH}",
			);
			runOnlyForDeploymentPostprocessing = 0;
			shellPath = /bin/sh;
			shellScript = "\"${SRCROOT}/Pods/Target Support Files/Pods-bus/Pods-bus-resources.sh\"\n";
			showEnvVarsInLog = 0;
		};
		D26B15470FE71267AFD2718D /* [CP] Embed Pods Frameworks */ = {
			isa = PBXShellScriptBuildPhase;
			buildActionMask = 2147483647;
			files = (
			);
			inputPaths = (
				"${SRCROOT}/Pods/Target Support Files/Pods-bus/Pods-bus-frameworks.sh",
				"${BUILT_PRODUCTS_DIR}/GoogleToolboxForMac/GoogleToolboxForMac.framework",
				"${BUILT_PRODUCTS_DIR}/nanopb/nanopb.framework",
			);
			name = "[CP] Embed Pods Frameworks";
			outputPaths = (
				"${TARGET_BUILD_DIR}/${FRAMEWORKS_FOLDER_PATH}/GoogleToolboxForMac.framework",
				"${TARGET_BUILD_DIR}/${FRAMEWORKS_FOLDER_PATH}/nanopb.framework",
			);
			runOnlyForDeploymentPostprocessing = 0;
			shellPath = /bin/sh;
			shellScript = "\"${SRCROOT}/Pods/Target Support Files/Pods-bus/Pods-bus-frameworks.sh\"\n";
			showEnvVarsInLog = 0;
		};
/* End PBXShellScriptBuildPhase section */

/* Begin PBXSourcesBuildPhase section */
		50E3BF891F51FA4F00BED427 /* Sources */ = {
			isa = PBXSourcesBuildPhase;
			buildActionMask = 2147483647;
			files = (
				50E3BF931F51FA5000BED427 /* ViewController.swift in Sources */,
				50E3BF991F51FA5000BED427 /* bus.xcdatamodeld in Sources */,
				50E3BF911F51FA5000BED427 /* AppDelegate.swift in Sources */,
				5024CDDE1F5223B90078D977 /* ViewControllerMap.swift in Sources */,
			);
			runOnlyForDeploymentPostprocessing = 0;
		};
/* End PBXSourcesBuildPhase section */

/* Begin PBXVariantGroup section */
		50E3BF941F51FA5000BED427 /* Main.storyboard */ = {
			isa = PBXVariantGroup;
			children = (
				50E3BF951F51FA5000BED427 /* Base */,
			);
			name = Main.storyboard;
			sourceTree = "<group>";
		};
		50E3BF9C1F51FA5000BED427 /* LaunchScreen.storyboard */ = {
			isa = PBXVariantGroup;
			children = (
				50E3BF9D1F51FA5000BED427 /* Base */,
			);
			name = LaunchScreen.storyboard;
			sourceTree = "<group>";
		};
/* End PBXVariantGroup section */

/* Begin XCBuildConfiguration section */
		50E3BFA01F51FA5000BED427 /* Debug */ = {
			isa = XCBuildConfiguration;
			buildSettings = {
				ALWAYS_SEARCH_USER_PATHS = NO;
				CLANG_ANALYZER_NONNULL = YES;
				CLANG_CXX_LANGUAGE_STANDARD = "gnu++0x";
				CLANG_CXX_LIBRARY = "libc++";
				CLANG_ENABLE_MODULES = YES;
				CLANG_ENABLE_OBJC_ARC = YES;
				CLANG_WARN_BOOL_CONVERSION = YES;
				CLANG_WARN_CONSTANT_CONVERSION = YES;
				CLANG_WARN_DIRECT_OBJC_ISA_USAGE = YES_ERROR;
				CLANG_WARN_DOCUMENTATION_COMMENTS = YES;
				CLANG_WARN_EMPTY_BODY = YES;
				CLANG_WARN_ENUM_CONVERSION = YES;
				CLANG_WARN_INFINITE_RECURSION = YES;
				CLANG_WARN_INT_CONVERSION = YES;
				CLANG_WARN_OBJC_ROOT_CLASS = YES_ERROR;
				CLANG_WARN_SUSPICIOUS_MOVES = YES;
				CLANG_WARN_UNREACHABLE_CODE = YES;
				CLANG_WARN__DUPLICATE_METHOD_MATCH = YES;
				"CODE_SIGN_IDENTITY[sdk=iphoneos*]" = "iPhone Developer";
				COPY_PHASE_STRIP = NO;
				DEBUG_INFORMATION_FORMAT = dwarf;
				ENABLE_STRICT_OBJC_MSGSEND = YES;
				ENABLE_TESTABILITY = YES;
				GCC_C_LANGUAGE_STANDARD = gnu99;
				GCC_DYNAMIC_NO_PIC = NO;
				GCC_NO_COMMON_BLOCKS = YES;
				GCC_OPTIMIZATION_LEVEL = 0;
				GCC_PREPROCESSOR_DEFINITIONS = (
					"DEBUG=1",
					"$(inherited)",
				);
				GCC_WARN_64_TO_32_BIT_CONVERSION = YES;
				GCC_WARN_ABOUT_RETURN_TYPE = YES_ERROR;
				GCC_WARN_UNDECLARED_SELECTOR = YES;
				GCC_WARN_UNINITIALIZED_AUTOS = YES_AGGRESSIVE;
				GCC_WARN_UNUSED_FUNCTION = YES;
				GCC_WARN_UNUSED_VARIABLE = YES;
				IPHONEOS_DEPLOYMENT_TARGET = 10.0;
				MTL_ENABLE_DEBUG_INFO = YES;
				ONLY_ACTIVE_ARCH = YES;
				SDKROOT = iphoneos;
				SWIFT_ACTIVE_COMPILATION_CONDITIONS = DEBUG;
				SWIFT_OPTIMIZATION_LEVEL = "-Onone";
				TARGETED_DEVICE_FAMILY = "1,2";
			};
			name = Debug;
		};
		50E3BFA11F51FA5000BED427 /* Release */ = {
			isa = XCBuildConfiguration;
			buildSettings = {
				ALWAYS_SEARCH_USER_PATHS = NO;
				CLANG_ANALYZER_NONNULL = YES;
				CLANG_CXX_LANGUAGE_STANDARD = "gnu++0x";
				CLANG_CXX_LIBRARY = "libc++";
				CLANG_ENABLE_MODULES = YES;
				CLANG_ENABLE_OBJC_ARC = YES;
				CLANG_WARN_BOOL_CONVERSION = YES;
				CLANG_WARN_CONSTANT_CONVERSION = YES;
				CLANG_WARN_DIRECT_OBJC_ISA_USAGE = YES_ERROR;
				CLANG_WARN_DOCUMENTATION_COMMENTS = YES;
				CLANG_WARN_EMPTY_BODY = YES;
				CLANG_WARN_ENUM_CONVERSION = YES;
				CLANG_WARN_INFINITE_RECURSION = YES;
				CLANG_WARN_INT_CONVERSION = YES;
				CLANG_WARN_OBJC_ROOT_CLASS = YES_ERROR;
				CLANG_WARN_SUSPICIOUS_MOVES = YES;
				CLANG_WARN_UNREACHABLE_CODE = YES;
				CLANG_WARN__DUPLICATE_METHOD_MATCH = YES;
				"CODE_SIGN_IDENTITY[sdk=iphoneos*]" = "iPhone Developer";
				COPY_PHASE_STRIP = NO;
				DEBUG_INFORMATION_FORMAT = "dwarf-with-dsym";
				ENABLE_NS_ASSERTIONS = NO;
				ENABLE_STRICT_OBJC_MSGSEND = YES;
				GCC_C_LANGUAGE_STANDARD = gnu99;
				GCC_NO_COMMON_BLOCKS = YES;
				GCC_WARN_64_TO_32_BIT_CONVERSION = YES;
				GCC_WARN_ABOUT_RETURN_TYPE = YES_ERROR;
				GCC_WARN_UNDECLARED_SELECTOR = YES;
				GCC_WARN_UNINITIALIZED_AUTOS = YES_AGGRESSIVE;
				GCC_WARN_UNUSED_FUNCTION = YES;
				GCC_WARN_UNUSED_VARIABLE = YES;
				IPHONEOS_DEPLOYMENT_TARGET = 10.0;
				MTL_ENABLE_DEBUG_INFO = NO;
				SDKROOT = iphoneos;
				SWIFT_OPTIMIZATION_LEVEL = "-Owholemodule";
				TARGETED_DEVICE_FAMILY = "1,2";
				VALIDATE_PRODUCT = YES;
			};
			name = Release;
		};
		50E3BFA31F51FA5000BED427 /* Debug */ = {
			isa = XCBuildConfiguration;
			baseConfigurationReference = EA513994AECCDBCBF1196978 /* Pods-bus.debug.xcconfig */;
			buildSettings = {
				ASSETCATALOG_COMPILER_APPICON_NAME = AppIcon;
				INFOPLIST_FILE = bus/Info.plist;
				LD_RUNPATH_SEARCH_PATHS = "$(inherited) @executable_path/Frameworks";
				PRODUCT_BUNDLE_IDENTIFIER = A4RON.bus;
				PRODUCT_NAME = "$(TARGET_NAME)";
				SWIFT_VERSION = 3.0;
			};
			name = Debug;
		};
		50E3BFA41F51FA5000BED427 /* Release */ = {
			isa = XCBuildConfiguration;
			baseConfigurationReference = EAC4345010500F2369A73365 /* Pods-bus.release.xcconfig */;
			buildSettings = {
				ASSETCATALOG_COMPILER_APPICON_NAME = AppIcon;
				INFOPLIST_FILE = bus/Info.plist;
				LD_RUNPATH_SEARCH_PATHS = "$(inherited) @executable_path/Frameworks";
				PRODUCT_BUNDLE_IDENTIFIER = A4RON.bus;
				PRODUCT_NAME = "$(TARGET_NAME)";
				SWIFT_VERSION = 3.0;
			};
			name = Release;
		};
/* End XCBuildConfiguration section */

/* Begin XCConfigurationList section */
		50E3BF881F51FA4F00BED427 /* Build configuration list for PBXProject "bus" */ = {
			isa = XCConfigurationList;
			buildConfigurations = (
				50E3BFA01F51FA5000BED427 /* Debug */,
				50E3BFA11F51FA5000BED427 /* Release */,
			);
			defaultConfigurationIsVisible = 0;
			defaultConfigurationName = Release;
		};
		50E3BFA21F51FA5000BED427 /* Build configuration list for PBXNativeTarget "bus" */ = {
			isa = XCConfigurationList;
			buildConfigurations = (
				50E3BFA31F51FA5000BED427 /* Debug */,
				50E3BFA41F51FA5000BED427 /* Release */,
			);
			defaultConfigurationIsVisible = 0;
			defaultConfigurationName = Release;
		};
/* End XCConfigurationList section */

/* Begin XCVersionGroup section */
		50E3BF971F51FA5000BED427 /* bus.xcdatamodeld */ = {
			isa = XCVersionGroup;
			children = (
				50E3BF981F51FA5000BED427 /* bus.xcdatamodel */,
			);
			currentVersion = 50E3BF981F51FA5000BED427 /* bus.xcdatamodel */;
			path = bus.xcdatamodeld;
			sourceTree = "<group>";
			versionGroupType = wrapper.xcdatamodel;
		};
/* End XCVersionGroup section */
	};
	rootObject = 50E3BF851F51FA4F00BED427 /* Project object */;
}
